
Microsoft Visual Studio Solution File, Format Version 12.00
# Visual Studio Version 17
VisualStudioVersion = 17.9.34607.119
MinimumVisualStudioVersion = 10.0.40219.1
Project("{2150E333-8FDC-42A3-9474-1A3956D46DE8}") = "Tests", "Tests", "{43B63F18-D704-43C0-9556-7425E3935D44}"
EndProject
Project("{9A19103F-16F7-4668-BE54-9A1E7A4F7556}") = "Ezac.Roster.Web", "src\Ezac.Roster.Web\Ezac.Roster.Web.csproj", "{E20AA3C6-CFDF-4786-9490-F1849659EFD5}"
EndProject
Project("{9A19103F-16F7-4668-BE54-9A1E7A4F7556}") = "Ezac.Roster.Domain.Tests", "tests\Ezac.Roster.Domain.Tests\Ezac.Roster.Domain.Tests.csproj", "{F6E7A236-DF3C-43D9-9016-0913C6A91264}"
EndProject
Project("{9A19103F-16F7-4668-BE54-9A1E7A4F7556}") = "Ezac.Roster.Domain", "src\Ezac.Roster.Domain\Ezac.Roster.Domain.csproj", "{0B66F0D1-D87A-4549-8A4D-D3A783BF5B16}"
EndProject
Project("{FAE04EC0-301F-11D3-BF4B-00C04F79EFBC}") = "Ezac.Roster.Infrastructure", "Ezac.Roster.Infrastructure\Ezac.Roster.Infrastructure.csproj", "{7AB5059D-F579-4C9D-A723-228CFEC9267D}"
EndProject
Global
	GlobalSection(SolutionConfigurationPlatforms) = preSolution
		Debug|Any CPU = Debug|Any CPU
		Release|Any CPU = Release|Any CPU
	EndGlobalSection
	GlobalSection(ProjectConfigurationPlatforms) = postSolution
		{E20AA3C6-CFDF-4786-9490-F1849659EFD5}.Debug|Any CPU.ActiveCfg = Debug|Any CPU
		{E20AA3C6-CFDF-4786-9490-F1849659EFD5}.Debug|Any CPU.Build.0 = Debug|Any CPU
		{E20AA3C6-CFDF-4786-9490-F1849659EFD5}.Release|Any CPU.ActiveCfg = Release|Any CPU
		{E20AA3C6-CFDF-4786-9490-F1849659EFD5}.Release|Any CPU.Build.0 = Release|Any CPU
		{F6E7A236-DF3C-43D9-9016-0913C6A91264}.Debug|Any CPU.ActiveCfg = Debug|Any CPU
		{F6E7A236-DF3C-43D9-9016-0913C6A91264}.Debug|Any CPU.Build.0 = Debug|Any CPU
		{F6E7A236-DF3C-43D9-9016-0913C6A91264}.Release|Any CPU.ActiveCfg = Release|Any CPU
		{F6E7A236-DF3C-43D9-9016-0913C6A91264}.Release|Any CPU.Build.0 = Release|Any CPU
		{0B66F0D1-D87A-4549-8A4D-D3A783BF5B16}.Debug|Any CPU.ActiveCfg = Debug|Any CPU
		{0B66F0D1-D87A-4549-8A4D-D3A783BF5B16}.Debug|Any CPU.Build.0 = Debug|Any CPU
		{0B66F0D1-D87A-4549-8A4D-D3A783BF5B16}.Release|Any CPU.ActiveCfg = Release|Any CPU
		{0B66F0D1-D87A-4549-8A4D-D3A783BF5B16}.Release|Any CPU.Build.0 = Release|Any CPU
		{7AB5059D-F579-4C9D-A723-228CFEC9267D}.Debug|Any CPU.ActiveCfg = Debug|Any CPU
		{7AB5059D-F579-4C9D-A723-228CFEC9267D}.Debug|Any CPU.Build.0 = Debug|Any CPU
		{7AB5059D-F579-4C9D-A723-228CFEC9267D}.Release|Any CPU.ActiveCfg = Release|Any CPU
		{7AB5059D-F579-4C9D-A723-228CFEC9267D}.Release|Any CPU.Build.0 = Release|Any CPU
	EndGlobalSection
	GlobalSection(SolutionProperties) = preSolution
		HideSolutionNode = FALSE
	EndGlobalSection
	GlobalSection(NestedProjects) = preSolution
		{F6E7A236-DF3C-43D9-9016-0913C6A91264} = {43B63F18-D704-43C0-9556-7425E3935D44}
	EndGlobalSection
	GlobalSection(ExtensibilityGlobals) = postSolution
		SolutionGuid = {37A4DB30-0597-40EF-BD9A-7F897E111233}
	EndGlobalSection
EndGlobal
